
Microsoft Visual Studio Solution File, Format Version 12.00
# Visual Studio 2012
Project("{FAE04EC0-301F-11D3-BF4B-00C04F79EFBC}") = "WeListenPlayer", "WeListenPlayer\WeListenPlayer.csproj", "{358C425C-B320-4E4B-8E32-DCE0F36EBEBD}"
EndProject
Global
	GlobalSection(SolutionConfigurationPlatforms) = preSolution
		Debug|Any CPU = Debug|Any CPU
		Release|Any CPU = Release|Any CPU
	EndGlobalSection
	GlobalSection(ProjectConfigurationPlatforms) = postSolution
		{358C425C-B320-4E4B-8E32-DCE0F36EBEBD}.Debug|Any CPU.ActiveCfg = Debug|Any CPU
		{358C425C-B320-4E4B-8E32-DCE0F36EBEBD}.Debug|Any CPU.Build.0 = Debug|Any CPU
		{358C425C-B320-4E4B-8E32-DCE0F36EBEBD}.Release|Any CPU.ActiveCfg = Release|Any CPU
		{358C425C-B320-4E4B-8E32-DCE0F36EBEBD}.Release|Any CPU.Build.0 = Release|Any CPU
	EndGlobalSection
	GlobalSection(SolutionProperties) = preSolution
		HideSolutionNode = FALSE
	EndGlobalSection
EndGlobal
